{
  "name": "@paperman/server",
  "version": "0.1.0",
  "lockfileVersion": 3,
  "requires": true,
  "packages": {
    "": {
      "name": "@paperman/server",
      "version": "0.1.0",
      "devDependencies": {
        "@types/bun": "latest",
        "typescript": "next"
      }
    },
    "node_modules/@types/bun": {
      "version": "1.4.2",
      "resolved": "https://registry.npmjs.org/@types/bun/-/bun-1.4.2.tgz",
      "integrity": "sha512-GimotNn7+ZV0uVArItBbriZsR1oNf0+WTzPkdcFrzShI7k2norL0uzEaJT8T33dWr7O/c9ZDuAFQrctKCi72oQ==",
      "dev": true,
      "license": "MIT",
      "dependencies": {
        "bun-types": "1.4.2"
      }
    },
    "node_modules/@types/node": {
      "version": "26.6.2",
      "resolved": "https://registry.npmjs.org/@types/node/-/node-26.6.2.tgz",
      "integrity": "sha512-X1P21scMv4zGKLYqjdGjaKa7COa0RKVYYZZN/NfvLQ1JegxFhdhpZG/Lyn8AXx6CDUavKAd11v6BvfpkDByK8g==",
      "dev": true,
      "license": "MIT",
      "dependencies": {
        "undici-types": "~8.9.0"
      }
    },
    "node_modules/@typescript/typescript-darwin-arm64": {
      "version": "7.1.0-dev.20260918.1",
      "resolved": "https://registry.npmjs.org/@typescript/typescript-darwin-arm64/-/typescript-darwin-arm64-7.1.0-dev.20260918.1.tgz",
      "integrity": "sha512-i263kT2BBuTn7LC8hGNGmWXtFqON6F8H4GAXZg2b4VhotLazpJ7O7FRiv6VABk7xuNmNPtl0z3Iay4aytTq6lg==",
      "cpu": [
        "arm64"
      ],
      "dev": true,
      "license": "Apache-2.0",
      "optional": true,
      "os": [
        "darwin"
      ],
      "engines": {
        "node": ">=16.20.0"
      }
    },
    "node_modules/@typescript/typescript-darwin-x64": {
      "version": "7.1.0-dev.20260918.1",
      "resolved": "https://registry.npmjs.org/@typescript/typescript-darwin-x64/-/typescript-darwin-x64-7.1.0-dev.20260918.1.tgz",
      "integrity": "sha512-NSfGs+r/NHqOkXL3wRG+NFK3JFZOg/Vo0IRX/INjSLXPPCikCvdiCHCc3yYq++4Za8s7Lo+2OqqWWd0PF1eJMg==",
      "cpu": [
        "x64"
      ],
      "dev": true,
      "license": "Apache-2.0",
      "optional": true,
      "os": [
        "darwin"
      ],
      "engines": {
        "node": ">=16.20.0"
      }
    },
    "node_modules/@typescript/typescript-linux-arm": {
      "version": "7.1.0-dev.20260918.1",
      "resolved": "https://registry.npmjs.org/@typescript/typescript-linux-arm/-/typescript-linux-arm-7.1.0-dev.20260918.1.tgz",
      "integrity": "sha512-wRDzA3YW/vfOKzoTSayVrwu2qB6h5hzvgoEWQFIiU2/tiHFTgQAlUZZ4iiJIIlsycvi35ILGSJQ711XgAjazow==",
      "cpu": [
        "arm"
      ],
      "dev": true,
      "license": "Apache-2.0",
      "optional": true,
      "os": [
        "linux"
      ],
      "engines": {
        "node": ">=16.20.0"
      }
    },
    "node_modules/@typescript/typescript-linux-arm64": {
      "version": "7.1.0-dev.20260918.1",
      "resolved": "https://registry.npmjs.org/@typescript/typescript-linux-arm64/-/typescript-linux-arm64-7.1.0-dev.20260918.1.tgz",
      "integrity": "sha512-UZcVCzoBt8iPaYsEaAVL5aeYIkRwEo95HCGWF1j4hdJk1OGSBJzwvX1WChNvXl8atFgvPMwAZ/W3ZnSYr55PaQ==",
      "cpu": [
        "arm64"
      ],
      "dev": true,
      "license": "Apache-2.0",
      "optional": true,
      "os": [
        "linux"
      ],
      "engines": {
        "node": ">=16.20.0"
      }
    },
    "node_modules/@typescript/typescript-linux-x64": {
      "version": "7.1.0-dev.20260918.1",
      "resolved": "https://registry.npmjs.org/@typescript/typescript-linux-x64/-/typescript-linux-x64-7.1.0-dev.20260918.1.tgz",
      "integrity": "sha512-D1Vo4+Xk4VFHWR24Nu36nxTJgBukLfc5EpTVKKhnx5rUfOwjQT5zl0ACfQbpOs+9VSZ1F6cp2671RqeiYIiPwA==",
      "cpu": [
        "x64"
      ],
      "dev": true,
      "license": "Apache-2.0",
      "optional": true,
      "os": [
        "linux"
      ],
      "engines": {
        "node": ">=16.20.0"
      }
    },
    "node_modules/@typescript/typescript-win32-arm64": {
      "version": "7.1.0-dev.20260918.1",
      "resolved": "https://registry.npmjs.org/@typescript/typescript-win32-arm64/-/typescript-win32-arm64-7.1.0-dev.20260918.1.tgz",
      "integrity": "sha512-6+sGONGu2WbIVxEzuCldSommoFKaPvXn5egIpTJ+Eg9HqqAiTDt7Y8G4RjvSwxFdbUQrCZcNQ0HJa6vobe6xAg==",
      "cpu": [
        "arm64"
      ],
      "dev": true,
      "license": "Apache-2.0",
      "optional": true,
      "os": [
        "win32"
      ],
      "engines": {
        "node": ">=16.20.0"
      }
    },
    "node_modules/@typescript/typescript-win32-x64": {
      "version": "7.1.0-dev.20260918.1",
      "resolved": "https://registry.npmjs.org/@typescript/typescript-win32-x64/-/typescript-win32-x64-7.1.0-dev.20260918.1.tgz",
      "integrity": "sha512-JMsB5StrIAOnSVP7PFpy7r88D6MqTMOZW7oPV15dSwUxvRe+7BMtThZhECeSzHxf8OlyCMZFsIH7aKEb+WS2iw==",
      "cpu": [
        "x64"
      ],
      "dev": true,
      "license": "Apache-2.0",
      "optional": true,
      "os": [
        "win32"
      ],
      "engines": {
        "node": ">=16.20.0"
      }
    },
    "node_modules/bun-types": {
      "version": "1.4.2",
      "resolved": "https://registry.npmjs.org/bun-types/-/bun-types-1.4.2.tgz",
      "integrity": "sha512-bxV1FgK7yBIzjRe5zBozIM4Bem11ZJcCXSrjWRG3YWLt8yFDePu4cLjpebO8OvPeIE9trbyPF4fuj3Cia4Fj3w==",
      "dev": true,
      "license": "MIT",
      "dependencies": {
        "@types/node": "*"
      }
    },
    "node_modules/typescript": {
      "version": "7.1.0-dev.20260918.1",
      "resolved": "https://registry.npmjs.org/typescript/-/typescript-7.1.0-dev.20260918.1.tgz",
      "integrity": "sha512-/HzGzVht3sKVAGPQeCoTC5dm6pjH7ebpmqe0FXSFJ5UFL58Zjy7UHbDAn1lv6Y8JNzgDoW2GtKUVHBLbbV17ZQ==",
      "dev": true,
      "license": "Apache-2.0",
      "bin": {
        "tsc": "bin/tsc"
      },
      "engines": {
        "node": ">=16.20.0"
      },
      "optionalDependencies": {
        "@typescript/typescript-darwin-arm64": "7.1.0-dev.20260918.1",
        "@typescript/typescript-darwin-x64": "7.1.0-dev.20260918.1",
        "@typescript/typescript-linux-arm": "7.1.0-dev.20260918.1",
        "@typescript/typescript-linux-arm64": "7.1.0-dev.20260918.1",
        "@typescript/typescript-linux-x64": "7.1.0-dev.20260918.1",
        "@typescript/typescript-win32-arm64": "7.1.0-dev.20260918.1",
        "@typescript/typescript-win32-x64": "7.1.0-dev.20260918.1"
      }
    },
    "node_modules/undici-types": {
      "version": "8.9.0",
      "resolved": "https://registry.npmjs.org/undici-types/-/undici-types-8.9.0.tgz",
      "integrity": "sha512-KTDyRTYX8sWmKXAikPHHSyc63CRPETMctyjKFupcC6OBLXT3xsN0e9aF7m+mIXutFWpUXuedtowG7iLOzp0kQg==",
      "dev": true,
      "license": "MIT"
    }
  }
}
